
Microsoft Visual Studio Solution File, Format Version 12.00
# Visual Studio Version 17
VisualStudioVersion = 17.2.32526.322
MinimumVisualStudioVersion = 10.0.40219.1
Project("{FAE04EC0-301F-11D3-BF4B-00C04F79EFBC}") = "MoodAnalizer", "MoodAnalizer\MoodAnalizer.csproj", "{FE0378C1-BE20-4BC3-B53C-07853E166774}"
EndProject
Project("{FAE04EC0-301F-11D3-BF4B-00C04F79EFBC}") = "MoodAnalizeMSTest", "MoodAnalizeMSTest\MoodAnalizeMSTest.csproj", "{4AD23404-F985-42DE-8D1A-39D66263C43A}"
EndProject
Global
	GlobalSection(SolutionConfigurationPlatforms) = preSolution
		Debug|Any CPU = Debug|Any CPU
		Release|Any CPU = Release|Any CPU
	EndGlobalSection
	GlobalSection(ProjectConfigurationPlatforms) = postSolution
		{FE0378C1-BE20-4BC3-B53C-07853E166774}.Debug|Any CPU.ActiveCfg = Debug|Any CPU
		{FE0378C1-BE20-4BC3-B53C-07853E166774}.Debug|Any CPU.Build.0 = Debug|Any CPU
		{FE0378C1-BE20-4BC3-B53C-07853E166774}.Release|Any CPU.ActiveCfg = Release|Any CPU
		{FE0378C1-BE20-4BC3-B53C-07853E166774}.Release|Any CPU.Build.0 = Release|Any CPU
		{4AD23404-F985-42DE-8D1A-39D66263C43A}.Debug|Any CPU.ActiveCfg = Debug|Any CPU
		{4AD23404-F985-42DE-8D1A-39D66263C43A}.Debug|Any CPU.Build.0 = Debug|Any CPU
		{4AD23404-F985-42DE-8D1A-39D66263C43A}.Release|Any CPU.ActiveCfg = Release|Any CPU
		{4AD23404-F985-42DE-8D1A-39D66263C43A}.Release|Any CPU.Build.0 = Release|Any CPU
	EndGlobalSection
	GlobalSection(SolutionProperties) = preSolution
		HideSolutionNode = FALSE
	EndGlobalSection
	GlobalSection(ExtensibilityGlobals) = postSolution
		SolutionGuid = {5BA8B750-80C7-4D2C-9A4A-AB14C35A402F}
	EndGlobalSection
EndGlobal
